
Microsoft Visual Studio Solution File, Format Version 12.00
# Visual Studio Version 16
VisualStudioVersion = 16.0.28315.86
MinimumVisualStudioVersion = 10.0.40219.1
Project("{FAE04EC0-301F-11D3-BF4B-00C04F79EFBC}") = "SocketProjectServer", "SocketProjectServer.csproj", "{8AA6AAA5-785F-4CE8-960B-77234F52892F}"
EndProject
Global
	GlobalSection(SolutionConfigurationPlatforms) = preSolution
		Debug|Any CPU = Debug|Any CPU
		Release|Any CPU = Release|Any CPU
	EndGlobalSection
	GlobalSection(ProjectConfigurationPlatforms) = postSolution
		{8AA6AAA5-785F-4CE8-960B-77234F52892F}.Debug|Any CPU.ActiveCfg = Debug|Any CPU
		{8AA6AAA5-785F-4CE8-960B-77234F52892F}.Debug|Any CPU.Build.0 = Debug|Any CPU
		{8AA6AAA5-785F-4CE8-960B-77234F52892F}.Release|Any CPU.ActiveCfg = Release|Any CPU
		{8AA6AAA5-785F-4CE8-960B-77234F52892F}.Release|Any CPU.Build.0 = Release|Any CPU
	EndGlobalSection
	GlobalSection(SolutionProperties) = preSolution
		HideSolutionNode = FALSE
	EndGlobalSection
	GlobalSection(ExtensibilityGlobals) = postSolution
		SolutionGuid = {E6837CEE-71B2-4521-8EA8-D5EBD7F0DC5C}
	EndGlobalSection
EndGlobal
