
Microsoft Visual Studio Solution File, Format Version 12.00
# Visual Studio 15
VisualStudioVersion = 15.0.28010.2048
MinimumVisualStudioVersion = 10.0.40219.1
Project("{FAE04EC0-301F-11D3-BF4B-00C04F79EFBC}") = "ObjProgBibH1", "ObjProgBibH1\ObjProgBibH1.csproj", "{12F94CBC-8DAD-4D8D-B5DF-370E48C3E599}"
EndProject
Global
	GlobalSection(SolutionConfigurationPlatforms) = preSolution
		Debug|Any CPU = Debug|Any CPU
		Release|Any CPU = Release|Any CPU
	EndGlobalSection
	GlobalSection(ProjectConfigurationPlatforms) = postSolution
		{12F94CBC-8DAD-4D8D-B5DF-370E48C3E599}.Debug|Any CPU.ActiveCfg = Debug|Any CPU
		{12F94CBC-8DAD-4D8D-B5DF-370E48C3E599}.Debug|Any CPU.Build.0 = Debug|Any CPU
		{12F94CBC-8DAD-4D8D-B5DF-370E48C3E599}.Release|Any CPU.ActiveCfg = Release|Any CPU
		{12F94CBC-8DAD-4D8D-B5DF-370E48C3E599}.Release|Any CPU.Build.0 = Release|Any CPU
	EndGlobalSection
	GlobalSection(SolutionProperties) = preSolution
		HideSolutionNode = FALSE
	EndGlobalSection
	GlobalSection(ExtensibilityGlobals) = postSolution
		SolutionGuid = {A3CA20C8-5C3D-417A-BD40-0B1E69AA516C}
	EndGlobalSection
EndGlobal
