
Microsoft Visual Studio Solution File, Format Version 12.00
# Visual Studio 15
VisualStudioVersion = 15.0.28010.2046
MinimumVisualStudioVersion = 10.0.40219.1
Project("{FAE04EC0-301F-11D3-BF4B-00C04F79EFBC}") = "LoopStringMethods3", "LoopStringMethods3\LoopStringMethods3.csproj", "{227D9A70-96E6-434F-B821-EA503BC7C171}"
EndProject
Global
	GlobalSection(SolutionConfigurationPlatforms) = preSolution
		Debug|Any CPU = Debug|Any CPU
		Release|Any CPU = Release|Any CPU
	EndGlobalSection
	GlobalSection(ProjectConfigurationPlatforms) = postSolution
		{227D9A70-96E6-434F-B821-EA503BC7C171}.Debug|Any CPU.ActiveCfg = Debug|Any CPU
		{227D9A70-96E6-434F-B821-EA503BC7C171}.Debug|Any CPU.Build.0 = Debug|Any CPU
		{227D9A70-96E6-434F-B821-EA503BC7C171}.Release|Any CPU.ActiveCfg = Release|Any CPU
		{227D9A70-96E6-434F-B821-EA503BC7C171}.Release|Any CPU.Build.0 = Release|Any CPU
	EndGlobalSection
	GlobalSection(SolutionProperties) = preSolution
		HideSolutionNode = FALSE
	EndGlobalSection
	GlobalSection(ExtensibilityGlobals) = postSolution
		SolutionGuid = {6A1F12C6-5660-444F-9C27-6E195875EE10}
	EndGlobalSection
EndGlobal
